{
  "schemaVersion" : 1,
  "rootManifestSha256" : "9ae34fc074fc7345bf0509a2d31ea2abd23b51830efb874197ee3166cddd72fe",
  "packages" : [ {
    "name" : "@example/notifier",
    "version" : "1.0.0",
    "source" : "workspace:../通知包",
    "contentSha256" : "289dd6a6492a1e1d47ac94c5cfb7fba7d170303c397d06da10c8559569d939aa",
    "hardwareSha256" : "19545037b315dc7894f063e308c98ed02df1b83548358df2033e6ea67def31db",
    "dependencies" : { }
  } ]
}
